// !$*UTF8*$!
{
	archiveVersion = 1;
	classes = {
	};
	objectVersion = 51;
	objects = {

/* Begin PBXBuildFile section */
		0A31F5F4344F46E7AA287E73 /* Pods_CoreRecordExample.framework in Frameworks */ = {isa = PBXBuildFile; fileRef = 369F4AB176C459D87D1AFB9A /* Pods_CoreRecordExample.framework */; };
		371F7A8325DFE9F20010B325 /* AppDelegate.swift in Sources */ = {isa = PBXBuildFile; fileRef = 371F7A8225DFE9F20010B325 /* AppDelegate.swift */; };
		371F7A8525DFE9F20010B325 /* SceneDelegate.swift in Sources */ = {isa = PBXBuildFile; fileRef = 371F7A8425DFE9F20010B325 /* SceneDelegate.swift */; };
		371F7A8725DFE9F20010B325 /* ViewController.swift in Sources */ = {isa = PBXBuildFile; fileRef = 371F7A8625DFE9F20010B325 /* ViewController.swift */; };
		371F7A8A25DFE9F20010B325 /* Main.storyboard in Resources */ = {isa = PBXBuildFile; fileRef = 371F7A8825DFE9F20010B325 /* Main.storyboard */; };
		371F7A8D25DFE9F20010B325 /* CoreRecordExample.xcdatamodeld in Sources */ = {isa = PBXBuildFile; fileRef = 371F7A8B25DFE9F20010B325 /* CoreRecordExample.xcdatamodeld */; };
		371F7A8F25DFE9F40010B325 /* Assets.xcassets in Resources */ = {isa = PBXBuildFile; fileRef = 371F7A8E25DFE9F40010B325 /* Assets.xcassets */; };
		371F7A9225DFE9F40010B325 /* LaunchScreen.storyboard in Resources */ = {isa = PBXBuildFile; fileRef = 371F7A9025DFE9F40010B325 /* LaunchScreen.storyboard */; };
		371F7AA325DFFE670010B325 /* Person.swift in Sources */ = {isa = PBXBuildFile; fileRef = 371F7AA225DFFE670010B325 /* Person.swift */; };
/* End PBXBuildFile section */

/* Begin PBXFileReference section */
		369F4AB176C459D87D1AFB9A /* Pods_CoreRecordExample.framework */ = {isa = PBXFileReference; explicitFileType = wrapper.framework; includeInIndex = 0; path = Pods_CoreRecordExample.framework; sourceTree = BUILT_PRODUCTS_DIR; };
		371F7A7F25DFE9F20010B325 /* CoreRecordExample.app */ = {isa = PBXFileReference; explicitFileType = wrapper.application; includeInIndex = 0; path = CoreRecordExample.app; sourceTree = BUILT_PRODUCTS_DIR; };
		371F7A8225DFE9F20010B325 /* AppDelegate.swift */ = {isa = PBXFileReference; lastKnownFileType = sourcecode.swift; path = AppDelegate.swift; sourceTree = "<group>"; };
		371F7A8425DFE9F20010B325 /* SceneDelegate.swift */ = {isa = PBXFileReference; lastKnownFileType = sourcecode.swift; path = SceneDelegate.swift; sourceTree = "<group>"; };
		371F7A8625DFE9F20010B325 /* ViewController.swift */ = {isa = PBXFileReference; lastKnownFileType = sourcecode.swift; path = ViewController.swift; sourceTree = "<group>"; };
		371F7A8925DFE9F20010B325 /* Base */ = {isa = PBXFileReference; lastKnownFileType = file.storyboard; name = Base; path = Base.lproj/Main.storyboard; sourceTree = "<group>"; };
		371F7A8C25DFE9F20010B325 /* CoreRecordExample.xcdatamodel */ = {isa = PBXFileReference; lastKnownFileType = wrapper.xcdatamodel; path = CoreRecordExample.xcdatamodel; sourceTree = "<group>"; };
		371F7A8E25DFE9F40010B325 /* Assets.xcassets */ = {isa = PBXFileReference; lastKnownFileType = folder.assetcatalog; path = Assets.xcassets; sourceTree = "<group>"; };
		371F7A9125DFE9F40010B325 /* Base */ = {isa = PBXFileReference; lastKnownFileType = file.storyboard; name = Base; path = Base.lproj/LaunchScreen.storyboard; sourceTree = "<group>"; };
		371F7A9325DFE9F40010B325 /* Info.plist */ = {isa = PBXFileReference; lastKnownFileType = text.plist.xml; path = Info.plist; sourceTree = "<group>"; };
		371F7AA225DFFE670010B325 /* Person.swift */ = {isa = PBXFileReference; lastKnownFileType = sourcecode.swift; path = Person.swift; sourceTree = "<group>"; };
		627B9E73F506587419209C82 /* Pods-CoreRecordExample.release.xcconfig */ = {isa = PBXFileReference; includeInIndex = 1; lastKnownFileType = text.xcconfig; name = "Pods-CoreRecordExample.release.xcconfig"; path = "Target Support Files/Pods-CoreRecordExample/Pods-CoreRecordExample.release.xcconfig"; sourceTree = "<group>"; };
		AF7FE196642F5EE5CEAB0E29 /* Pods-CoreRecordExample.debug.xcconfig */ = {isa = PBXFileReference; includeInIndex = 1; lastKnownFileType = text.xcconfig; name = "Pods-CoreRecordExample.debug.xcconfig"; path = "Target Support Files/Pods-CoreRecordExample/Pods-CoreRecordExample.debug.xcconfig"; sourceTree = "<group>"; };
/* End PBXFileReference section */

/* Begin PBXFrameworksBuildPhase section */
		371F7A7C25DFE9F20010B325 /* Frameworks */ = {
			isa = PBXFrameworksBuildPhase;
			buildActionMask = 2147483647;
			files = (
				0A31F5F4344F46E7AA287E73 /* Pods_CoreRecordExample.framework in Frameworks */,
			);
			runOnlyForDeploymentPostprocessing = 0;
		};
/* End PBXFrameworksBuildPhase section */

/* Begin PBXGroup section */
		371F7A7625DFE9F20010B325 = {
			isa = PBXGroup;
			children = (
				371F7A8125DFE9F20010B325 /* CoreRecordExample */,
				371F7A8025DFE9F20010B325 /* Products */,
				F9F223C52D57B60894158CE0 /* Pods */,
				A420FF0F5FDD3846EA4F1BE3 /* Frameworks */,
			);
			sourceTree = "<group>";
		};
		371F7A8025DFE9F20010B325 /* Products */ = {
			isa = PBXGroup;
			children = (
				371F7A7F25DFE9F20010B325 /* CoreRecordExample.app */,
			);
			name = Products;
			sourceTree = "<group>";
		};
		371F7A8125DFE9F20010B325 /* CoreRecordExample */ = {
			isa = PBXGroup;
			children = (
				371F7AA125DFFE580010B325 /* Models */,
				371F7A8225DFE9F20010B325 /* AppDelegate.swift */,
				371F7A8425DFE9F20010B325 /* SceneDelegate.swift */,
				371F7A8625DFE9F20010B325 /* ViewController.swift */,
				371F7A8825DFE9F20010B325 /* Main.storyboard */,
				371F7A8E25DFE9F40010B325 /* Assets.xcassets */,
				371F7A9025DFE9F40010B325 /* LaunchScreen.storyboard */,
				371F7A9325DFE9F40010B325 /* Info.plist */,
				371F7A8B25DFE9F20010B325 /* CoreRecordExample.xcdatamodeld */,
			);
			path = CoreRecordExample;
			sourceTree = "<group>";
		};
		371F7AA125DFFE580010B325 /* Models */ = {
			isa = PBXGroup;
			children = (
				371F7AA225DFFE670010B325 /* Person.swift */,
			);
			path = Models;
			sourceTree = "<group>";
		};
		A420FF0F5FDD3846EA4F1BE3 /* Frameworks */ = {
			isa = PBXGroup;
			children = (
				369F4AB176C459D87D1AFB9A /* Pods_CoreRecordExample.framework */,
			);
			name = Frameworks;
			sourceTree = "<group>";
		};
		F9F223C52D57B60894158CE0 /* Pods */ = {
			isa = PBXGroup;
			children = (
				AF7FE196642F5EE5CEAB0E29 /* Pods-CoreRecordExample.debug.xcconfig */,
				627B9E73F506587419209C82 /* Pods-CoreRecordExample.release.xcconfig */,
			);
			path = Pods;
			sourceTree = "<group>";
		};
/* End PBXGroup section */

/* Begin PBXNativeTarget section */
		371F7A7E25DFE9F20010B325 /* CoreRecordExample */ = {
			isa = PBXNativeTarget;
			buildConfigurationList = 371F7A9625DFE9F40010B325 /* Build configuration list for PBXNativeTarget "CoreRecordExample" */;
			buildPhases = (
				D44F47311E34E7679AB7F886 /* [CP] Check Pods Manifest.lock */,
				371F7A7B25DFE9F20010B325 /* Sources */,
				371F7A7C25DFE9F20010B325 /* Frameworks */,
				371F7A7D25DFE9F20010B325 /* Resources */,
				B9E1CD55143CCA1F66396979 /* [CP] Embed Pods Frameworks */,
			);
			buildRules = (
			);
			dependencies = (
			);
			name = CoreRecordExample;
			productName = CoreRecordExample;
			productReference = 371F7A7F25DFE9F20010B325 /* CoreRecordExample.app */;
			productType = "com.apple.product-type.application";
		};
/* End PBXNativeTarget section */

/* Begin PBXProject section */
		371F7A7725DFE9F20010B325 /* Project object */ = {
			isa = PBXProject;
			attributes = {
				LastSwiftUpdateCheck = 1220;
				LastUpgradeCheck = 1220;
				TargetAttributes = {
					371F7A7E25DFE9F20010B325 = {
						CreatedOnToolsVersion = 12.2;
					};
				};
			};
			buildConfigurationList = 371F7A7A25DFE9F20010B325 /* Build configuration list for PBXProject "CoreRecordExample" */;
			compatibilityVersion = "Xcode 9.3";
			developmentRegion = en;
			hasScannedForEncodings = 0;
			knownRegions = (
				en,
				Base,
			);
			mainGroup = 371F7A7625DFE9F20010B325;
			productRefGroup = 371F7A8025DFE9F20010B325 /* Products */;
			projectDirPath = "";
			projectRoot = "";
			targets = (
				371F7A7E25DFE9F20010B325 /* CoreRecordExample */,
			);
		};
/* End PBXProject section */

/* Begin PBXResourcesBuildPhase section */
		371F7A7D25DFE9F20010B325 /* Resources */ = {
			isa = PBXResourcesBuildPhase;
			buildActionMask = 2147483647;
			files = (
				371F7A9225DFE9F40010B325 /* LaunchScreen.storyboard in Resources */,
				371F7A8F25DFE9F40010B325 /* Assets.xcassets in Resources */,
				371F7A8A25DFE9F20010B325 /* Main.storyboard in Resources */,
			);
			runOnlyForDeploymentPostprocessing = 0;
		};
/* End PBXResourcesBuildPhase section */

/* Begin PBXShellScriptBuildPhase section */
		B9E1CD55143CCA1F66396979 /* [CP] Embed Pods Frameworks */ = {
			isa = PBXShellScriptBuildPhase;
			buildActionMask = 2147483647;
			files = (
			);
			inputFileListPaths = (
				"${PODS_ROOT}/Target Support Files/Pods-CoreRecordExample/Pods-CoreRecordExample-frameworks-${CONFIGURATION}-input-files.xcfilelist",
			);
			name = "[CP] Embed Pods Frameworks";
			outputFileListPaths = (
				"${PODS_ROOT}/Target Support Files/Pods-CoreRecordExample/Pods-CoreRecordExample-frameworks-${CONFIGURATION}-output-files.xcfilelist",
			);
			runOnlyForDeploymentPostprocessing = 0;
			shellPath = /bin/sh;
			shellScript = "\"${PODS_ROOT}/Target Support Files/Pods-CoreRecordExample/Pods-CoreRecordExample-frameworks.sh\"\n";
			showEnvVarsInLog = 0;
		};
		D44F47311E34E7679AB7F886 /* [CP] Check Pods Manifest.lock */ = {
			isa = PBXShellScriptBuildPhase;
			buildActionMask = 2147483647;
			files = (
			);
			inputFileListPaths = (
			);
			inputPaths = (
				"${PODS_PODFILE_DIR_PATH}/Podfile.lock",
				"${PODS_ROOT}/Manifest.lock",
			);
			name = "[CP] Check Pods Manifest.lock";
			outputFileListPaths = (
			);
			outputPaths = (
				"$(DERIVED_FILE_DIR)/Pods-CoreRecordExample-checkManifestLockResult.txt",
			);
			runOnlyForDeploymentPostprocessing = 0;
			shellPath = /bin/sh;
			shellScript = "diff \"${PODS_PODFILE_DIR_PATH}/Podfile.lock\" \"${PODS_ROOT}/Manifest.lock\" > /dev/null\nif [ $? != 0 ] ; then\n    # print error to STDERR\n    echo \"error: The sandbox is not in sync with the Podfile.lock. Run 'pod install' or update your CocoaPods installation.\" >&2\n    exit 1\nfi\n# This output is used by Xcode 'outputs' to avoid re-running this script phase.\necho \"SUCCESS\" > \"${SCRIPT_OUTPUT_FILE_0}\"\n";
			showEnvVarsInLog = 0;
		};
/* End PBXShellScriptBuildPhase section */

/* Begin PBXSourcesBuildPhase section */
		371F7A7B25DFE9F20010B325 /* Sources */ = {
			isa = PBXSourcesBuildPhase;
			buildActionMask = 2147483647;
			files = (
				371F7AA325DFFE670010B325 /* Person.swift in Sources */,
				371F7A8725DFE9F20010B325 /* ViewController.swift in Sources */,
				371F7A8325DFE9F20010B325 /* AppDelegate.swift in Sources */,
				371F7A8D25DFE9F20010B325 /* CoreRecordExample.xcdatamodeld in Sources */,
				371F7A8525DFE9F20010B325 /* SceneDelegate.swift in Sources */,
			);
			runOnlyForDeploymentPostprocessing = 0;
		};
/* End PBXSourcesBuildPhase section */

/* Begin PBXVariantGroup section */
		371F7A8825DFE9F20010B325 /* Main.storyboard */ = {
			isa = PBXVariantGroup;
			children = (
				371F7A8925DFE9F20010B325 /* Base */,
			);
			name = Main.storyboard;
			sourceTree = "<group>";
		};
		371F7A9025DFE9F40010B325 /* LaunchScreen.storyboard */ = {
			isa = PBXVariantGroup;
			children = (
				371F7A9125DFE9F40010B325 /* Base */,
			);
			name = LaunchScreen.storyboard;
			sourceTree = "<group>";
		};
/* End PBXVariantGroup section */

/* Begin XCBuildConfiguration section */
		371F7A9425DFE9F40010B325 /* Debug */ = {
			isa = XCBuildConfiguration;
			buildSettings = {
				ALWAYS_SEARCH_USER_PATHS = NO;
				CLANG_ANALYZER_NONNULL = YES;
				CLANG_ANALYZER_NUMBER_OBJECT_CONVERSION = YES_AGGRESSIVE;
				CLANG_CXX_LANGUAGE_STANDARD = "gnu++14";
				CLANG_CXX_LIBRARY = "libc++";
				CLANG_ENABLE_MODULES = YES;
				CLANG_ENABLE_OBJC_ARC = YES;
				CLANG_ENABLE_OBJC_WEAK = YES;
				CLANG_WARN_BLOCK_CAPTURE_AUTORELEASING = YES;
				CLANG_WARN_BOOL_CONVERSION = YES;
				CLANG_WARN_COMMA = YES;
				CLANG_WARN_CONSTANT_CONVERSION = YES;
				CLANG_WARN_DEPRECATED_OBJC_IMPLEMENTATIONS = YES;
				CLANG_WARN_DIRECT_OBJC_ISA_USAGE = YES_ERROR;
				CLANG_WARN_DOCUMENTATION_COMMENTS = YES;
				CLANG_WARN_EMPTY_BODY = YES;
				CLANG_WARN_ENUM_CONVERSION = YES;
				CLANG_WARN_INFINITE_RECURSION = YES;
				CLANG_WARN_INT_CONVERSION = YES;
				CLANG_WARN_NON_LITERAL_NULL_CONVERSION = YES;
				CLANG_WARN_OBJC_IMPLICIT_RETAIN_SELF = YES;
				CLANG_WARN_OBJC_LITERAL_CONVERSION = YES;
				CLANG_WARN_OBJC_ROOT_CLASS = YES_ERROR;
				CLANG_WARN_QUOTED_INCLUDE_IN_FRAMEWORK_HEADER = YES;
				CLANG_WARN_RANGE_LOOP_ANALYSIS = YES;
				CLANG_WARN_STRICT_PROTOTYPES = YES;
				CLANG_WARN_SUSPICIOUS_MOVE = YES;
				CLANG_WARN_UNGUARDED_AVAILABILITY = YES_AGGRESSIVE;
				CLANG_WARN_UNREACHABLE_CODE = YES;
				CLANG_WARN__DUPLICATE_METHOD_MATCH = YES;
				COPY_PHASE_STRIP = NO;
				DEBUG_INFORMATION_FORMAT = dwarf;
				ENABLE_STRICT_OBJC_MSGSEND = YES;
				ENABLE_TESTABILITY = YES;
				GCC_C_LANGUAGE_STANDARD = gnu11;
				GCC_DYNAMIC_NO_PIC = NO;
				GCC_NO_COMMON_BLOCKS = YES;
				GCC_OPTIMIZATION_LEVEL = 0;
				GCC_PREPROCESSOR_DEFINITIONS = (
					"DEBUG=1",
					"$(inherited)",
				);
				GCC_WARN_64_TO_32_BIT_CONVERSION = YES;
				GCC_WARN_ABOUT_RETURN_TYPE = YES_ERROR;
				GCC_WARN_UNDECLARED_SELECTOR = YES;
				GCC_WARN_UNINITIALIZED_AUTOS = YES_AGGRESSIVE;
				GCC_WARN_UNUSED_FUNCTION = YES;
				GCC_WARN_UNUSED_VARIABLE = YES;
				IPHONEOS_DEPLOYMENT_TARGET = 14.2;
				MTL_ENABLE_DEBUG_INFO = INCLUDE_SOURCE;
				MTL_FAST_MATH = YES;
				ONLY_ACTIVE_ARCH = YES;
				SDKROOT = iphoneos;
				SWIFT_ACTIVE_COMPILATION_CONDITIONS = DEBUG;
				SWIFT_OPTIMIZATION_LEVEL = "-Onone";
			};
			name = Debug;
		};
		371F7A9525DFE9F40010B325 /* Release */ = {
			isa = XCBuildConfiguration;
			buildSettings = {
				ALWAYS_SEARCH_USER_PATHS = NO;
				CLANG_ANALYZER_NONNULL = YES;
				CLANG_ANALYZER_NUMBER_OBJECT_CONVERSION = YES_AGGRESSIVE;
				CLANG_CXX_LANGUAGE_STANDARD = "gnu++14";
				CLANG_CXX_LIBRARY = "libc++";
				CLANG_ENABLE_MODULES = YES;
				CLANG_ENABLE_OBJC_ARC = YES;
				CLANG_ENABLE_OBJC_WEAK = YES;
				CLANG_WARN_BLOCK_CAPTURE_AUTORELEASING = YES;
				CLANG_WARN_BOOL_CONVERSION = YES;
				CLANG_WARN_COMMA = YES;
				CLANG_WARN_CONSTANT_CONVERSION = YES;
				CLANG_WARN_DEPRECATED_OBJC_IMPLEMENTATIONS = YES;
				CLANG_WARN_DIRECT_OBJC_ISA_USAGE = YES_ERROR;
				CLANG_WARN_DOCUMENTATION_COMMENTS = YES;
				CLANG_WARN_EMPTY_BODY = YES;
				CLANG_WARN_ENUM_CONVERSION = YES;
				CLANG_WARN_INFINITE_RECURSION = YES;
				CLANG_WARN_INT_CONVERSION = YES;
				CLANG_WARN_NON_LITERAL_NULL_CONVERSION = YES;
				CLANG_WARN_OBJC_IMPLICIT_RETAIN_SELF = YES;
				CLANG_WARN_OBJC_LITERAL_CONVERSION = YES;
				CLANG_WARN_OBJC_ROOT_CLASS = YES_ERROR;
				CLANG_WARN_QUOTED_INCLUDE_IN_FRAMEWORK_HEADER = YES;
				CLANG_WARN_RANGE_LOOP_ANALYSIS = YES;
				CLANG_WARN_STRICT_PROTOTYPES = YES;
				CLANG_WARN_SUSPICIOUS_MOVE = YES;
				CLANG_WARN_UNGUARDED_AVAILABILITY = YES_AGGRESSIVE;
				CLANG_WARN_UNREACHABLE_CODE = YES;
				CLANG_WARN__DUPLICATE_METHOD_MATCH = YES;
				COPY_PHASE_STRIP = NO;
				DEBUG_INFORMATION_FORMAT = "dwarf-with-dsym";
				ENABLE_NS_ASSERTIONS = NO;
				ENABLE_STRICT_OBJC_MSGSEND = YES;
				GCC_C_LANGUAGE_STANDARD = gnu11;
				GCC_NO_COMMON_BLOCKS = YES;
				GCC_WARN_64_TO_32_BIT_CONVERSION = YES;
				GCC_WARN_ABOUT_RETURN_TYPE = YES_ERROR;
				GCC_WARN_UNDECLARED_SELECTOR = YES;
				GCC_WARN_UNINITIALIZED_AUTOS = YES_AGGRESSIVE;
				GCC_WARN_UNUSED_FUNCTION = YES;
				GCC_WARN_UNUSED_VARIABLE = YES;
				IPHONEOS_DEPLOYMENT_TARGET = 14.2;
				MTL_ENABLE_DEBUG_INFO = NO;
				MTL_FAST_MATH = YES;
				SDKROOT = iphoneos;
				SWIFT_COMPILATION_MODE = wholemodule;
				SWIFT_OPTIMIZATION_LEVEL = "-O";
				VALIDATE_PRODUCT = YES;
			};
			name = Release;
		};
		371F7A9725DFE9F40010B325 /* Debug */ = {
			isa = XCBuildConfiguration;
			baseConfigurationReference = AF7FE196642F5EE5CEAB0E29 /* Pods-CoreRecordExample.debug.xcconfig */;
			buildSettings = {
				ASSETCATALOG_COMPILER_APPICON_NAME = AppIcon;
				ASSETCATALOG_COMPILER_GLOBAL_ACCENT_COLOR_NAME = AccentColor;
				CODE_SIGN_STYLE = Automatic;
				DEVELOPMENT_TEAM = QNE8ETWG6F;
				INFOPLIST_FILE = CoreRecordExample/Info.plist;
				IPHONEOS_DEPLOYMENT_TARGET = 9.0;
				LD_RUNPATH_SEARCH_PATHS = (
					"$(inherited)",
					"@executable_path/Frameworks",
				);
				PRODUCT_BUNDLE_IDENTIFIER = com.stonko.CoreRecordExample;
				PRODUCT_NAME = "$(TARGET_NAME)";
				SWIFT_VERSION = 5.0;
				TARGETED_DEVICE_FAMILY = "1,2";
			};
			name = Debug;
		};
		371F7A9825DFE9F40010B325 /* Release */ = {
			isa = XCBuildConfiguration;
			baseConfigurationReference = 627B9E73F506587419209C82 /* Pods-CoreRecordExample.release.xcconfig */;
			buildSettings = {
				ASSETCATALOG_COMPILER_APPICON_NAME = AppIcon;
				ASSETCATALOG_COMPILER_GLOBAL_ACCENT_COLOR_NAME = AccentColor;
				CODE_SIGN_STYLE = Automatic;
				DEVELOPMENT_TEAM = QNE8ETWG6F;
				INFOPLIST_FILE = CoreRecordExample/Info.plist;
				IPHONEOS_DEPLOYMENT_TARGET = 9.0;
				LD_RUNPATH_SEARCH_PATHS = (
					"$(inherited)",
					"@executable_path/Frameworks",
				);
				PRODUCT_BUNDLE_IDENTIFIER = com.stonko.CoreRecordExample;
				PRODUCT_NAME = "$(TARGET_NAME)";
				SWIFT_VERSION = 5.0;
				TARGETED_DEVICE_FAMILY = "1,2";
			};
			name = Release;
		};
/* End XCBuildConfiguration section */

/* Begin XCConfigurationList section */
		371F7A7A25DFE9F20010B325 /* Build configuration list for PBXProject "CoreRecordExample" */ = {
			isa = XCConfigurationList;
			buildConfigurations = (
				371F7A9425DFE9F40010B325 /* Debug */,
				371F7A9525DFE9F40010B325 /* Release */,
			);
			defaultConfigurationIsVisible = 0;
			defaultConfigurationName = Release;
		};
		371F7A9625DFE9F40010B325 /* Build configuration list for PBXNativeTarget "CoreRecordExample" */ = {
			isa = XCConfigurationList;
			buildConfigurations = (
				371F7A9725DFE9F40010B325 /* Debug */,
				371F7A9825DFE9F40010B325 /* Release */,
			);
			defaultConfigurationIsVisible = 0;
			defaultConfigurationName = Release;
		};
/* End XCConfigurationList section */

/* Begin XCVersionGroup section */
		371F7A8B25DFE9F20010B325 /* CoreRecordExample.xcdatamodeld */ = {
			isa = XCVersionGroup;
			children = (
				371F7A8C25DFE9F20010B325 /* CoreRecordExample.xcdatamodel */,
			);
			currentVersion = 371F7A8C25DFE9F20010B325 /* CoreRecordExample.xcdatamodel */;
			path = CoreRecordExample.xcdatamodeld;
			sourceTree = "<group>";
			versionGroupType = wrapper.xcdatamodel;
		};
/* End XCVersionGroup section */
	};
	rootObject = 371F7A7725DFE9F20010B325 /* Project object */;
}
